<?xml version="1.0" encoding="utf-8"?>
<Project ToolsVersion="4.0" xmlns="http://schemas.microsoft.com/developer/msbuild/2003">
  <ItemGroup>
    <Filter Include="源文件">
      <UniqueIdentifier>{4FC737F1-C7A5-4376-A066-2A32D752A2FF}</UniqueIdentifier>
      <Extensions>cpp;c;cc;cxx;c++;cppm;ixx;def;odl;idl;hpj;bat;asm;asmx</Extensions>
    </Filter>
    <Filter Include="头文件">
      <UniqueIdentifier>{93995380-89BD-4b04-88EB-625FBE52EBFB}</UniqueIdentifier>
      <Extensions>h;hh;hpp;hxx;h++;hm;inl;inc;ipp;xsd</Extensions>
    </Filter>
    <Filter Include="源文件\app">
      <UniqueIdentifier>{A1B2C3D4-1111-2222-3333-444455556666}</UniqueIdentifier>
    </Filter>
    <Filter Include="源文件\core">
      <UniqueIdentifier>{A1B2C3D4-1111-2222-3333-444455556667}</UniqueIdentifier>
    </Filter>
    <Filter Include="源文件\io">
      <UniqueIdentifier>{A1B2C3D4-1111-2222-3333-444455556668}</UniqueIdentifier>
    </Filter>
    <Filter Include="源文件\dcm">
      <UniqueIdentifier>{A1B2C3D4-1111-2222-3333-444455556669}</UniqueIdentifier>
    </Filter>
    <Filter Include="源文件\lgs">
      <UniqueIdentifier>{A1B2C3D4-1111-2222-3333-44445555666A}</UniqueIdentifier>
    </Filter>
    <Filter Include="源文件\cds">
      <UniqueIdentifier>{A1B2C3D4-1111-2222-3333-44445555666B}</UniqueIdentifier>
    </Filter>
    <Filter Include="头文件\core">
      <UniqueIdentifier>{B2C3D4E5-1111-2222-3333-444455556666}</UniqueIdentifier>
    </Filter>
    <Filter Include="头文件\io">
      <UniqueIdentifier>{B2C3D4E5-1111-2222-3333-444455556667}</UniqueIdentifier>
    </Filter>
    <Filter Include="头文件\dcm">
      <UniqueIdentifier>{B2C3D4E5-1111-2222-3333-444455556668}</UniqueIdentifier>
    </Filter>
    <Filter Include="头文件\lgs">
      <UniqueIdentifier>{B2C3D4E5-1111-2222-3333-444455556669}</UniqueIdentifier>
    </Filter>
    <Filter Include="头文件\cds">
      <UniqueIdentifier>{B2C3D4E5-1111-2222-3333-44445555666A}</UniqueIdentifier>
    </Filter>
  </ItemGroup>
  <ItemGroup>
    <ClCompile Include="app\src\main.cpp">
      <Filter>源文件\app</Filter>
    </ClCompile>
    <ClCompile Include="core\src\core.cpp">
      <Filter>源文件\core</Filter>
    </ClCompile>
    <ClCompile Include="io\src\io.cpp">
      <Filter>源文件\io</Filter>
    </ClCompile>
    <ClCompile Include="dcm\src\dcm.cpp">
      <Filter>源文件\dcm</Filter>
    </ClCompile>
    <ClCompile Include="lgs\src\lgs.cpp">
      <Filter>源文件\lgs</Filter>
    </ClCompile>
    <ClCompile Include="cds\src\cds.cpp">
      <Filter>源文件\cds</Filter>
    </ClCompile>
  </ItemGroup>
  <ItemGroup>
    <ClInclude Include="core\include\gcs\core\types.h">
      <Filter>头文件\core</Filter>
    </ClInclude>
    <ClInclude Include="core\include\gcs\core\core.h">
      <Filter>头文件\core</Filter>
    </ClInclude>
    <ClInclude Include="io\include\gcs\io\io.h">
      <Filter>头文件\io</Filter>
    </ClInclude>
    <ClInclude Include="dcm\include\gcs\dcm\dcm.h">
      <Filter>头文件\dcm</Filter>
    </ClInclude>
    <ClInclude Include="lgs\include\gcs\lgs\lgs.h">
      <Filter>头文件\lgs</Filter>
    </ClInclude>
    <ClInclude Include="cds\include\gcs\cds\cds.h">
      <Filter>头文件\cds</Filter>
    </ClInclude>
  </ItemGroup>
  <ItemGroup>
    <None Include="Readme.md" />
  </ItemGroup>
  <ItemGroup>
    <Text Include="g1.txt" />
  </ItemGroup>
</Project>
