<?xml version="1.0" encoding="utf-8"?>
<Project ToolsVersion="4.0" xmlns="http://schemas.microsoft.com/developer/msbuild/2003">
  <ItemGroup>
    <Filter Include="Source Files">
      <UniqueIdentifier>{4FC737F1-C7A5-4376-A066-2A32D752A2FF}</UniqueIdentifier>
      <Extensions>cpp;c;cc;cxx;c++;cppm;ixx</Extensions>
    </Filter>
    <Filter Include="Header Files">
      <UniqueIdentifier>{93995380-89BD-4b04-88EB-625FBE52EBFB}</UniqueIdentifier>
      <Extensions>h;hh;hpp;hxx;h++;hm;inl;inc;ipp</Extensions>
    </Filter>
    <Filter Include="Scene Files">
      <UniqueIdentifier>{67DA6AB6-F800-4C08-8B7A-83BB121AAD01}</UniqueIdentifier>
    </Filter>
  </ItemGroup>
  <ItemGroup>
    <ClCompile Include="app\main.cpp">
      <Filter>Source Files</Filter>
    </ClCompile>
    <ClCompile Include="app\App.cpp">
      <Filter>Source Files</Filter>
    </ClCompile>
    <ClCompile Include="core\core.cpp">
      <Filter>Source Files</Filter>
    </ClCompile>
    <ClCompile Include="io\io.cpp">
      <Filter>Source Files</Filter>
    </ClCompile>
    <ClCompile Include="dcm\dcm.cpp">
      <Filter>Source Files</Filter>
    </ClCompile>
    <ClCompile Include="lgs\lgs.cpp">
      <Filter>Source Files</Filter>
    </ClCompile>
    <ClCompile Include="cds\cds.cpp">
      <Filter>Source Files</Filter>
    </ClCompile>
  </ItemGroup>
  <ItemGroup>
    <ClInclude Include="app\App.h">
      <Filter>Header Files</Filter>
    </ClInclude>
    <ClInclude Include="core\types.h">
      <Filter>Header Files</Filter>
    </ClInclude>
    <ClInclude Include="core\core.h">
      <Filter>Header Files</Filter>
    </ClInclude>
    <ClInclude Include="io\io.h">
      <Filter>Header Files</Filter>
    </ClInclude>
    <ClInclude Include="dcm\dcm.h">
      <Filter>Header Files</Filter>
    </ClInclude>
    <ClInclude Include="lgs\lgs.h">
      <Filter>Header Files</Filter>
    </ClInclude>
    <ClInclude Include="cds\cds.h">
      <Filter>Header Files</Filter>
    </ClInclude>
  </ItemGroup>
  <ItemGroup>
    <None Include="Readme.md" />
  </ItemGroup>
  <ItemGroup>
    <Text Include="scene\basic\g1.txt">
      <Filter>Scene Files</Filter>
    </Text>
  </ItemGroup>
</Project>
